
Microsoft Visual Studio Solution File, Format Version 12.00
# Visual Studio Version 17
VisualStudioVersion = 17.0.31912.275
MinimumVisualStudioVersion = 10.0.40219.1
Project("{9A19103F-16F7-4668-BE54-9A1E7A4F7556}") = "MoneyManager.API", "MoneyManager.API\MoneyManager.API.csproj", "{459B850B-CDF2-4CC9-95C7-EAC9E377F33C}"
EndProject
Project("{FAE04EC0-301F-11D3-BF4B-00C04F79EFBC}") = "MoneyManager.TESTS", "MoneyManager.TESTS\MoneyManager.TESTS.csproj", "{6086F868-7DFC-4708-AAAC-13D8E1E57CE7}"
EndProject
Global
	GlobalSection(SolutionConfigurationPlatforms) = preSolution
		Debug|Any CPU = Debug|Any CPU
		Release|Any CPU = Release|Any CPU
	EndGlobalSection
	GlobalSection(ProjectConfigurationPlatforms) = postSolution
		{459B850B-CDF2-4CC9-95C7-EAC9E377F33C}.Debug|Any CPU.ActiveCfg = Debug|Any CPU
		{459B850B-CDF2-4CC9-95C7-EAC9E377F33C}.Debug|Any CPU.Build.0 = Debug|Any CPU
		{459B850B-CDF2-4CC9-95C7-EAC9E377F33C}.Release|Any CPU.ActiveCfg = Release|Any CPU
		{459B850B-CDF2-4CC9-95C7-EAC9E377F33C}.Release|Any CPU.Build.0 = Release|Any CPU
		{6086F868-7DFC-4708-AAAC-13D8E1E57CE7}.Debug|Any CPU.ActiveCfg = Debug|Any CPU
		{6086F868-7DFC-4708-AAAC-13D8E1E57CE7}.Debug|Any CPU.Build.0 = Debug|Any CPU
		{6086F868-7DFC-4708-AAAC-13D8E1E57CE7}.Release|Any CPU.ActiveCfg = Release|Any CPU
		{6086F868-7DFC-4708-AAAC-13D8E1E57CE7}.Release|Any CPU.Build.0 = Release|Any CPU
	EndGlobalSection
	GlobalSection(SolutionProperties) = preSolution
		HideSolutionNode = FALSE
	EndGlobalSection
	GlobalSection(ExtensibilityGlobals) = postSolution
		SolutionGuid = {98EF99D9-7140-436B-8873-E13CF5AC01B1}
	EndGlobalSection
EndGlobal
